{
  "name": "@claw-mafia/claw-mafia-finance",
  "version": "0.1.0",
  "lockfileVersion": 3,
  "requires": true,
  "packages": {
    "": {
      "name": "@claw-mafia/claw-mafia-finance",
      "version": "0.1.0",
      "dependencies": {
        "@stoqey/ib": "^1.5.3"
      },
      "devDependencies": {
        "@sinclair/typebox": "^0.34.0",
        "@types/node": "^25.5.0",
        "openclaw": "file:../openclaw",
        "typescript": "^5.9.0"
      }
    },
    "../openclaw": {
      "version": "2026.3.14",
      "dev": true,
      "license": "MIT",
      "dependencies": {
        "@agentclientprotocol/sdk": "0.16.1",
        "@anthropic-ai/vertex-sdk": "^0.14.4",
        "@aws-sdk/client-bedrock": "^3.1011.0",
        "@clack/prompts": "^1.1.0",
        "@homebridge/ciao": "^1.3.5",
        "@line/bot-sdk": "^10.6.0",
        "@lydell/node-pty": "1.2.0-beta.3",
        "@mariozechner/pi-agent-core": "0.60.0",
        "@mariozechner/pi-ai": "0.60.0",
        "@mariozechner/pi-coding-agent": "0.60.0",
        "@mariozechner/pi-tui": "0.60.0",
        "@modelcontextprotocol/sdk": "1.27.1",
        "@mozilla/readability": "^0.6.0",
        "@sinclair/typebox": "0.34.48",
        "ajv": "^8.18.0",
        "chalk": "^5.6.2",
        "chokidar": "^5.0.0",
        "cli-highlight": "^2.1.11",
        "commander": "^14.0.3",
        "croner": "^10.0.1",
        "dotenv": "^17.3.1",
        "express": "^5.2.1",
        "file-type": "21.3.3",
        "gaxios": "7.1.4",
        "hono": "4.12.8",
        "ipaddr.js": "^2.3.0",
        "jiti": "^2.6.1",
        "json5": "^2.2.3",
        "jszip": "^3.10.1",
        "linkedom": "^0.18.12",
        "long": "^5.3.2",
        "markdown-it": "^14.1.1",
        "node-edge-tts": "^1.2.10",
        "osc-progress": "^0.3.0",
        "pdfjs-dist": "^5.5.207",
        "playwright-core": "1.58.2",
        "qrcode-terminal": "^0.12.0",
        "sharp": "^0.34.5",
        "sqlite-vec": "0.1.7",
        "tar": "7.5.11",
        "tslog": "^4.10.2",
        "undici": "^7.24.4",
        "uuid": "^11.1.0",
        "ws": "^8.19.0",
        "yaml": "^2.8.2",
        "zod": "^4.3.6"
      },
      "bin": {
        "openclaw": "openclaw.mjs"
      },
      "devDependencies": {
        "@grammyjs/types": "^3.25.0",
        "@lit-labs/signals": "^0.2.0",
        "@lit/context": "^1.1.6",
        "@types/express": "^5.0.6",
        "@types/markdown-it": "^14.1.2",
        "@types/node": "^25.5.0",
        "@types/qrcode-terminal": "^0.12.2",
        "@types/ws": "^8.18.1",
        "@typescript/native-preview": "7.0.0-dev.20260317.1",
        "@vitest/coverage-v8": "^4.1.0",
        "jscpd": "4.0.8",
        "jsdom": "^29.0.0",
        "lit": "^3.3.2",
        "oxfmt": "0.41.0",
        "oxlint": "^1.56.0",
        "oxlint-tsgolint": "^0.17.0",
        "signal-utils": "0.21.1",
        "tsdown": "0.21.4",
        "tsx": "^4.21.0",
        "typescript": "^5.9.3",
        "vitest": "^4.1.0"
      },
      "engines": {
        "node": ">=22.16.0"
      },
      "peerDependencies": {
        "@napi-rs/canvas": "^0.1.89",
        "node-llama-cpp": "3.16.2"
      },
      "peerDependenciesMeta": {
        "node-llama-cpp": {
          "optional": true
        }
      }
    },
    "node_modules/@sinclair/typebox": {
      "version": "0.34.48",
      "resolved": "https://registry.npmjs.org/@sinclair/typebox/-/typebox-0.34.48.tgz",
      "integrity": "sha512-kKJTNuK3AQOrgjjotVxMrCn1sUJwM76wMszfq1kdU4uYVJjvEWuFQ6HgvLt4Xz3fSmZlTOxJ/Ie13KnIcWQXFA==",
      "dev": true,
      "license": "MIT"
    },
    "node_modules/@stoqey/ib": {
      "version": "1.5.3",
      "resolved": "https://registry.npmjs.org/@stoqey/ib/-/ib-1.5.3.tgz",
      "integrity": "sha512-gT+IEgJy1eo3KHwwOqdvmQp3gqumU4cgbddv4n7JE6fqfiKetx4uxkkE5b6R+SRfuzWoFj9ORmaswuSbrNZzPA==",
      "license": "MIT",
      "dependencies": {
        "colors": "^1.4.0",
        "command-buffer": "^0.1.0",
        "dotenv": "^16.4.7",
        "eventemitter3": "^5.0.1",
        "function-rate-limit": "^1.1.0",
        "rxjs": "^7.8.1"
      },
      "engines": {
        "node": ">=18.0.0"
      }
    },
    "node_modules/@types/node": {
      "version": "25.5.0",
      "resolved": "https://registry.npmjs.org/@types/node/-/node-25.5.0.tgz",
      "integrity": "sha512-jp2P3tQMSxWugkCUKLRPVUpGaL5MVFwF8RDuSRztfwgN1wmqJeMSbKlnEtQqU8UrhTmzEmZdu2I6v2dpp7XIxw==",
      "dev": true,
      "license": "MIT",
      "dependencies": {
        "undici-types": "~7.18.0"
      }
    },
    "node_modules/colors": {
      "version": "1.4.0",
      "resolved": "https://registry.npmjs.org/colors/-/colors-1.4.0.tgz",
      "integrity": "sha512-a+UqTh4kgZg/SlGvfbzDHpgRu7AAQOmmqRHJnxhRZICKFUT91brVhNNt58CMWU9PsBbv3PDCZUHbVxuDiH2mtA==",
      "license": "MIT",
      "engines": {
        "node": ">=0.1.90"
      }
    },
    "node_modules/command-buffer": {
      "version": "0.1.0",
      "resolved": "https://registry.npmjs.org/command-buffer/-/command-buffer-0.1.0.tgz",
      "integrity": "sha512-HgU3HdxE1rQ0MWi+LM8AxTubzW1+r5EoPGy/V5XsqNFsZpU6phHLKBee+qRhEr2tMpNaWbqq2PyRF7ZsTlrIKQ==",
      "license": "MIT"
    },
    "node_modules/dotenv": {
      "version": "16.6.1",
      "resolved": "https://registry.npmjs.org/dotenv/-/dotenv-16.6.1.tgz",
      "integrity": "sha512-uBq4egWHTcTt33a72vpSG0z3HnPuIl6NqYcTrKEg2azoEyl2hpW0zqlxysq2pK9HlDIHyHyakeYaYnSAwd8bow==",
      "license": "BSD-2-Clause",
      "engines": {
        "node": ">=12"
      },
      "funding": {
        "url": "https://dotenvx.com"
      }
    },
    "node_modules/eventemitter3": {
      "version": "5.0.4",
      "resolved": "https://registry.npmjs.org/eventemitter3/-/eventemitter3-5.0.4.tgz",
      "integrity": "sha512-mlsTRyGaPBjPedk6Bvw+aqbsXDtoAyAzm5MO7JgU+yVRyMQ5O8bD4Kcci7BS85f93veegeCPkL8R4GLClnjLFw==",
      "license": "MIT"
    },
    "node_modules/function-rate-limit": {
      "version": "1.1.0",
      "resolved": "https://registry.npmjs.org/function-rate-limit/-/function-rate-limit-1.1.0.tgz",
      "integrity": "sha512-XNFOWy3kSz+96MeBCDUMmsLMSb7SmkAIfnhOsPRPz9V2Dx2agNmqjT//3QvXOgIH7FcGPfXMj8peajKHYuQ/Sw==",
      "license": "MIT"
    },
    "node_modules/openclaw": {
      "resolved": "../openclaw",
      "link": true
    },
    "node_modules/rxjs": {
      "version": "7.8.2",
      "resolved": "https://registry.npmjs.org/rxjs/-/rxjs-7.8.2.tgz",
      "integrity": "sha512-dhKf903U/PQZY6boNNtAGdWbG85WAbjT/1xYoZIC7FAY0yWapOBQVsVrDl58W86//e1VpMNBtRV4MaXfdMySFA==",
      "license": "Apache-2.0",
      "dependencies": {
        "tslib": "^2.1.0"
      }
    },
    "node_modules/tslib": {
      "version": "2.8.1",
      "resolved": "https://registry.npmjs.org/tslib/-/tslib-2.8.1.tgz",
      "integrity": "sha512-oJFu94HQb+KVduSUQL7wnpmqnfmLsOA/nAh6b6EH0wCEoK0/mPeXU6c3wKDV83MkOuHPRHtSXKKU99IBazS/2w==",
      "license": "0BSD"
    },
    "node_modules/typescript": {
      "version": "5.9.3",
      "resolved": "https://registry.npmjs.org/typescript/-/typescript-5.9.3.tgz",
      "integrity": "sha512-jl1vZzPDinLr9eUt3J/t7V6FgNEw9QjvBPdysz9KfQDD41fQrC2Y4vKQdiaUpFT4bXlb1RHhLpp8wtm6M5TgSw==",
      "dev": true,
      "license": "Apache-2.0",
      "bin": {
        "tsc": "bin/tsc",
        "tsserver": "bin/tsserver"
      },
      "engines": {
        "node": ">=14.17"
      }
    },
    "node_modules/undici-types": {
      "version": "7.18.2",
      "resolved": "https://registry.npmjs.org/undici-types/-/undici-types-7.18.2.tgz",
      "integrity": "sha512-AsuCzffGHJybSaRrmr5eHr81mwJU3kjw6M+uprWvCXiNeN9SOGwQ3Jn8jb8m3Z6izVgknn1R0FTCEAP2QrLY/w==",
      "dev": true,
      "license": "MIT"
    }
  }
}
